
Microsoft Visual Studio Solution File, Format Version 12.00
# Visual Studio Version 17
VisualStudioVersion = 17.9.34728.123
MinimumVisualStudioVersion = 10.0.40219.1
Project("{FAE04EC0-301F-11D3-BF4B-00C04F79EFBC}") = "Algorithms", "Algorithms.csproj", "{15197071-33FA-4BB3-8ADF-552E3458E460}"
EndProject
Project("{FAE04EC0-301F-11D3-BF4B-00C04F79EFBC}") = "AlgorithmsTest", "..\AlgorithmsTest\AlgorithmsTest.csproj", "{E90A5286-2DBC-4601-8DB2-8AC31351C486}"
EndProject
Global
	GlobalSection(SolutionConfigurationPlatforms) = preSolution
		Debug|Any CPU = Debug|Any CPU
		Release|Any CPU = Release|Any CPU
	EndGlobalSection
	GlobalSection(ProjectConfigurationPlatforms) = postSolution
		{15197071-33FA-4BB3-8ADF-552E3458E460}.Debug|Any CPU.ActiveCfg = Debug|Any CPU
		{15197071-33FA-4BB3-8ADF-552E3458E460}.Debug|Any CPU.Build.0 = Debug|Any CPU
		{15197071-33FA-4BB3-8ADF-552E3458E460}.Release|Any CPU.ActiveCfg = Release|Any CPU
		{15197071-33FA-4BB3-8ADF-552E3458E460}.Release|Any CPU.Build.0 = Release|Any CPU
		{E90A5286-2DBC-4601-8DB2-8AC31351C486}.Debug|Any CPU.ActiveCfg = Debug|Any CPU
		{E90A5286-2DBC-4601-8DB2-8AC31351C486}.Debug|Any CPU.Build.0 = Debug|Any CPU
		{E90A5286-2DBC-4601-8DB2-8AC31351C486}.Release|Any CPU.ActiveCfg = Release|Any CPU
		{E90A5286-2DBC-4601-8DB2-8AC31351C486}.Release|Any CPU.Build.0 = Release|Any CPU
	EndGlobalSection
	GlobalSection(SolutionProperties) = preSolution
		HideSolutionNode = FALSE
	EndGlobalSection
	GlobalSection(ExtensibilityGlobals) = postSolution
		SolutionGuid = {6D2CA979-3A02-4221-BC2E-6BDB2584238F}
	EndGlobalSection
EndGlobal
